// !$*UTF8*$!
{
	archiveVersion = 1;
	classes = {
	};
	objectVersion = 55;
	objects = {

/* Begin PBXBuildFile section */
		F8251FAA27DA319800D6EEC7 /* structLivro.swift in Sources */ = {isa = PBXBuildFile; fileRef = F8251FA927DA319800D6EEC7 /* structLivro.swift */; };
		F84610D427DB94620080B269 /* structRevistaPeriodico.swift in Sources */ = {isa = PBXBuildFile; fileRef = F84610D327DB94620080B269 /* structRevistaPeriodico.swift */; };
		F8525E9B27DF5F6E001B2646 /* structArtigoEvento.swift in Sources */ = {isa = PBXBuildFile; fileRef = F8525E9A27DF5F6E001B2646 /* structArtigoEvento.swift */; };
		F8525E9D27DF6700001B2646 /* structMonografiaDissertacaoTese.swift in Sources */ = {isa = PBXBuildFile; fileRef = F8525E9C27DF6700001B2646 /* structMonografiaDissertacaoTese.swift */; };
		F8525E9F27DF6AFA001B2646 /* structWebsites.swift in Sources */ = {isa = PBXBuildFile; fileRef = F8525E9E27DF6AFA001B2646 /* structWebsites.swift */; };
		F898E14627D8C31D00F0EAD3 /* main.swift in Sources */ = {isa = PBXBuildFile; fileRef = F898E14527D8C31D00F0EAD3 /* main.swift */; };
		F898E14F27D8DC4C00F0EAD3 /* functions.swift in Sources */ = {isa = PBXBuildFile; fileRef = F898E14E27D8DC4C00F0EAD3 /* functions.swift */; };
		F8A55DEC27E34C5F00CC2A2A /* multilineStrings.swift in Sources */ = {isa = PBXBuildFile; fileRef = F8A55DEB27E34C5F00CC2A2A /* multilineStrings.swift */; };
/* End PBXBuildFile section */

/* Begin PBXCopyFilesBuildPhase section */
		F898E14027D8C31D00F0EAD3 /* CopyFiles */ = {
			isa = PBXCopyFilesBuildPhase;
			buildActionMask = 2147483647;
			dstPath = /usr/share/man/man1/;
			dstSubfolderSpec = 0;
			files = (
			);
			runOnlyForDeploymentPostprocessing = 1;
		};
/* End PBXCopyFilesBuildPhase section */

/* Begin PBXFileReference section */
		F8251FA927DA319800D6EEC7 /* structLivro.swift */ = {isa = PBXFileReference; lastKnownFileType = sourcecode.swift; path = structLivro.swift; sourceTree = "<group>"; };
		F84610D327DB94620080B269 /* structRevistaPeriodico.swift */ = {isa = PBXFileReference; lastKnownFileType = sourcecode.swift; path = structRevistaPeriodico.swift; sourceTree = "<group>"; };
		F8525E9A27DF5F6E001B2646 /* structArtigoEvento.swift */ = {isa = PBXFileReference; lastKnownFileType = sourcecode.swift; path = structArtigoEvento.swift; sourceTree = "<group>"; };
		F8525E9C27DF6700001B2646 /* structMonografiaDissertacaoTese.swift */ = {isa = PBXFileReference; lastKnownFileType = sourcecode.swift; path = structMonografiaDissertacaoTese.swift; sourceTree = "<group>"; };
		F8525E9E27DF6AFA001B2646 /* structWebsites.swift */ = {isa = PBXFileReference; lastKnownFileType = sourcecode.swift; path = structWebsites.swift; sourceTree = "<group>"; };
		F898E14227D8C31D00F0EAD3 /* AcaPro */ = {isa = PBXFileReference; explicitFileType = "compiled.mach-o.executable"; includeInIndex = 0; path = AcaPro; sourceTree = BUILT_PRODUCTS_DIR; };
		F898E14527D8C31D00F0EAD3 /* main.swift */ = {isa = PBXFileReference; lastKnownFileType = sourcecode.swift; path = main.swift; sourceTree = "<group>"; };
		F898E14E27D8DC4C00F0EAD3 /* functions.swift */ = {isa = PBXFileReference; lastKnownFileType = sourcecode.swift; path = functions.swift; sourceTree = "<group>"; };
		F8A55DEB27E34C5F00CC2A2A /* multilineStrings.swift */ = {isa = PBXFileReference; lastKnownFileType = sourcecode.swift; path = multilineStrings.swift; sourceTree = "<group>"; };
		F8A55DF027E35DCD00CC2A2A /* readme.md */ = {isa = PBXFileReference; lastKnownFileType = net.daringfireball.markdown; path = readme.md; sourceTree = "<group>"; };
/* End PBXFileReference section */

/* Begin PBXFrameworksBuildPhase section */
		F898E13F27D8C31D00F0EAD3 /* Frameworks */ = {
			isa = PBXFrameworksBuildPhase;
			buildActionMask = 2147483647;
			files = (
			);
			runOnlyForDeploymentPostprocessing = 0;
		};
/* End PBXFrameworksBuildPhase section */

/* Begin PBXGroup section */
		F898E13927D8C31D00F0EAD3 = {
			isa = PBXGroup;
			children = (
				F8A55DF027E35DCD00CC2A2A /* readme.md */,
				F898E14427D8C31D00F0EAD3 /* AcaPro */,
				F898E14327D8C31D00F0EAD3 /* Products */,
			);
			sourceTree = "<group>";
		};
		F898E14327D8C31D00F0EAD3 /* Products */ = {
			isa = PBXGroup;
			children = (
				F898E14227D8C31D00F0EAD3 /* AcaPro */,
			);
			name = Products;
			sourceTree = "<group>";
		};
		F898E14427D8C31D00F0EAD3 /* AcaPro */ = {
			isa = PBXGroup;
			children = (
				F898E14527D8C31D00F0EAD3 /* main.swift */,
				F8C8F80D27E0B749004F502C /* src */,
			);
			path = AcaPro;
			sourceTree = "<group>";
		};
		F8C8F80D27E0B749004F502C /* src */ = {
			isa = PBXGroup;
			children = (
				F8C8F81027E0B800004F502C /* functions */,
				F8C8F80F27E0B7E3004F502C /* struct */,
				F8A55DEB27E34C5F00CC2A2A /* multilineStrings.swift */,
			);
			path = src;
			sourceTree = "<group>";
		};
		F8C8F80F27E0B7E3004F502C /* struct */ = {
			isa = PBXGroup;
			children = (
				F8251FA927DA319800D6EEC7 /* structLivro.swift */,
				F84610D327DB94620080B269 /* structRevistaPeriodico.swift */,
				F8525E9A27DF5F6E001B2646 /* structArtigoEvento.swift */,
				F8525E9C27DF6700001B2646 /* structMonografiaDissertacaoTese.swift */,
				F8525E9E27DF6AFA001B2646 /* structWebsites.swift */,
			);
			path = struct;
			sourceTree = "<group>";
		};
		F8C8F81027E0B800004F502C /* functions */ = {
			isa = PBXGroup;
			children = (
				F898E14E27D8DC4C00F0EAD3 /* functions.swift */,
			);
			path = functions;
			sourceTree = "<group>";
		};
/* End PBXGroup section */

/* Begin PBXNativeTarget section */
		F898E14127D8C31D00F0EAD3 /* AcaPro */ = {
			isa = PBXNativeTarget;
			buildConfigurationList = F898E14927D8C31D00F0EAD3 /* Build configuration list for PBXNativeTarget "AcaPro" */;
			buildPhases = (
				F898E13E27D8C31D00F0EAD3 /* Sources */,
				F898E13F27D8C31D00F0EAD3 /* Frameworks */,
				F898E14027D8C31D00F0EAD3 /* CopyFiles */,
			);
			buildRules = (
			);
			dependencies = (
			);
			name = AcaPro;
			productName = AcaPro;
			productReference = F898E14227D8C31D00F0EAD3 /* AcaPro */;
			productType = "com.apple.product-type.tool";
		};
/* End PBXNativeTarget section */

/* Begin PBXProject section */
		F898E13A27D8C31D00F0EAD3 /* Project object */ = {
			isa = PBXProject;
			attributes = {
				BuildIndependentTargetsInParallel = 1;
				LastSwiftUpdateCheck = 1320;
				LastUpgradeCheck = 1320;
				TargetAttributes = {
					F898E14127D8C31D00F0EAD3 = {
						CreatedOnToolsVersion = 13.2.1;
					};
				};
			};
			buildConfigurationList = F898E13D27D8C31D00F0EAD3 /* Build configuration list for PBXProject "AcaPro" */;
			compatibilityVersion = "Xcode 13.0";
			developmentRegion = en;
			hasScannedForEncodings = 0;
			knownRegions = (
				en,
				Base,
			);
			mainGroup = F898E13927D8C31D00F0EAD3;
			productRefGroup = F898E14327D8C31D00F0EAD3 /* Products */;
			projectDirPath = "";
			projectRoot = "";
			targets = (
				F898E14127D8C31D00F0EAD3 /* AcaPro */,
			);
		};
/* End PBXProject section */

/* Begin PBXSourcesBuildPhase section */
		F898E13E27D8C31D00F0EAD3 /* Sources */ = {
			isa = PBXSourcesBuildPhase;
			buildActionMask = 2147483647;
			files = (
				F84610D427DB94620080B269 /* structRevistaPeriodico.swift in Sources */,
				F898E14627D8C31D00F0EAD3 /* main.swift in Sources */,
				F8525E9B27DF5F6E001B2646 /* structArtigoEvento.swift in Sources */,
				F898E14F27D8DC4C00F0EAD3 /* functions.swift in Sources */,
				F8251FAA27DA319800D6EEC7 /* structLivro.swift in Sources */,
				F8525E9D27DF6700001B2646 /* structMonografiaDissertacaoTese.swift in Sources */,
				F8A55DEC27E34C5F00CC2A2A /* multilineStrings.swift in Sources */,
				F8525E9F27DF6AFA001B2646 /* structWebsites.swift in Sources */,
			);
			runOnlyForDeploymentPostprocessing = 0;
		};
/* End PBXSourcesBuildPhase section */

/* Begin XCBuildConfiguration section */
		F898E14727D8C31D00F0EAD3 /* Debug */ = {
			isa = XCBuildConfiguration;
			buildSettings = {
				ALWAYS_SEARCH_USER_PATHS = NO;
				CLANG_ANALYZER_NONNULL = YES;
				CLANG_ANALYZER_NUMBER_OBJECT_CONVERSION = YES_AGGRESSIVE;
				CLANG_CXX_LANGUAGE_STANDARD = "gnu++17";
				CLANG_CXX_LIBRARY = "libc++";
				CLANG_ENABLE_MODULES = YES;
				CLANG_ENABLE_OBJC_ARC = YES;
				CLANG_ENABLE_OBJC_WEAK = YES;
				CLANG_WARN_BLOCK_CAPTURE_AUTORELEASING = YES;
				CLANG_WARN_BOOL_CONVERSION = YES;
				CLANG_WARN_COMMA = YES;
				CLANG_WARN_CONSTANT_CONVERSION = YES;
				CLANG_WARN_DEPRECATED_OBJC_IMPLEMENTATIONS = YES;
				CLANG_WARN_DIRECT_OBJC_ISA_USAGE = YES_ERROR;
				CLANG_WARN_DOCUMENTATION_COMMENTS = YES;
				CLANG_WARN_EMPTY_BODY = YES;
				CLANG_WARN_ENUM_CONVERSION = YES;
				CLANG_WARN_INFINITE_RECURSION = YES;
				CLANG_WARN_INT_CONVERSION = YES;
				CLANG_WARN_NON_LITERAL_NULL_CONVERSION = YES;
				CLANG_WARN_OBJC_IMPLICIT_RETAIN_SELF = YES;
				CLANG_WARN_OBJC_LITERAL_CONVERSION = YES;
				CLANG_WARN_OBJC_ROOT_CLASS = YES_ERROR;
				CLANG_WARN_QUOTED_INCLUDE_IN_FRAMEWORK_HEADER = YES;
				CLANG_WARN_RANGE_LOOP_ANALYSIS = YES;
				CLANG_WARN_STRICT_PROTOTYPES = YES;
				CLANG_WARN_SUSPICIOUS_MOVE = YES;
				CLANG_WARN_UNGUARDED_AVAILABILITY = YES_AGGRESSIVE;
				CLANG_WARN_UNREACHABLE_CODE = YES;
				CLANG_WARN__DUPLICATE_METHOD_MATCH = YES;
				COPY_PHASE_STRIP = NO;
				DEBUG_INFORMATION_FORMAT = dwarf;
				ENABLE_STRICT_OBJC_MSGSEND = YES;
				ENABLE_TESTABILITY = YES;
				GCC_C_LANGUAGE_STANDARD = gnu11;
				GCC_DYNAMIC_NO_PIC = NO;
				GCC_NO_COMMON_BLOCKS = YES;
				GCC_OPTIMIZATION_LEVEL = 0;
				GCC_PREPROCESSOR_DEFINITIONS = (
					"DEBUG=1",
					"$(inherited)",
				);
				GCC_WARN_64_TO_32_BIT_CONVERSION = YES;
				GCC_WARN_ABOUT_RETURN_TYPE = YES_ERROR;
				GCC_WARN_UNDECLARED_SELECTOR = YES;
				GCC_WARN_UNINITIALIZED_AUTOS = YES_AGGRESSIVE;
				GCC_WARN_UNUSED_FUNCTION = YES;
				GCC_WARN_UNUSED_VARIABLE = YES;
				MACOSX_DEPLOYMENT_TARGET = 12.0;
				MTL_ENABLE_DEBUG_INFO = INCLUDE_SOURCE;
				MTL_FAST_MATH = YES;
				ONLY_ACTIVE_ARCH = YES;
				SDKROOT = macosx;
				SWIFT_ACTIVE_COMPILATION_CONDITIONS = DEBUG;
				SWIFT_OPTIMIZATION_LEVEL = "-Onone";
			};
			name = Debug;
		};
		F898E14827D8C31D00F0EAD3 /* Release */ = {
			isa = XCBuildConfiguration;
			buildSettings = {
				ALWAYS_SEARCH_USER_PATHS = NO;
				CLANG_ANALYZER_NONNULL = YES;
				CLANG_ANALYZER_NUMBER_OBJECT_CONVERSION = YES_AGGRESSIVE;
				CLANG_CXX_LANGUAGE_STANDARD = "gnu++17";
				CLANG_CXX_LIBRARY = "libc++";
				CLANG_ENABLE_MODULES = YES;
				CLANG_ENABLE_OBJC_ARC = YES;
				CLANG_ENABLE_OBJC_WEAK = YES;
				CLANG_WARN_BLOCK_CAPTURE_AUTORELEASING = YES;
				CLANG_WARN_BOOL_CONVERSION = YES;
				CLANG_WARN_COMMA = YES;
				CLANG_WARN_CONSTANT_CONVERSION = YES;
				CLANG_WARN_DEPRECATED_OBJC_IMPLEMENTATIONS = YES;
				CLANG_WARN_DIRECT_OBJC_ISA_USAGE = YES_ERROR;
				CLANG_WARN_DOCUMENTATION_COMMENTS = YES;
				CLANG_WARN_EMPTY_BODY = YES;
				CLANG_WARN_ENUM_CONVERSION = YES;
				CLANG_WARN_INFINITE_RECURSION = YES;
				CLANG_WARN_INT_CONVERSION = YES;
				CLANG_WARN_NON_LITERAL_NULL_CONVERSION = YES;
				CLANG_WARN_OBJC_IMPLICIT_RETAIN_SELF = YES;
				CLANG_WARN_OBJC_LITERAL_CONVERSION = YES;
				CLANG_WARN_OBJC_ROOT_CLASS = YES_ERROR;
				CLANG_WARN_QUOTED_INCLUDE_IN_FRAMEWORK_HEADER = YES;
				CLANG_WARN_RANGE_LOOP_ANALYSIS = YES;
				CLANG_WARN_STRICT_PROTOTYPES = YES;
				CLANG_WARN_SUSPICIOUS_MOVE = YES;
				CLANG_WARN_UNGUARDED_AVAILABILITY = YES_AGGRESSIVE;
				CLANG_WARN_UNREACHABLE_CODE = YES;
				CLANG_WARN__DUPLICATE_METHOD_MATCH = YES;
				COPY_PHASE_STRIP = NO;
				DEBUG_INFORMATION_FORMAT = "dwarf-with-dsym";
				ENABLE_NS_ASSERTIONS = NO;
				ENABLE_STRICT_OBJC_MSGSEND = YES;
				GCC_C_LANGUAGE_STANDARD = gnu11;
				GCC_NO_COMMON_BLOCKS = YES;
				GCC_WARN_64_TO_32_BIT_CONVERSION = YES;
				GCC_WARN_ABOUT_RETURN_TYPE = YES_ERROR;
				GCC_WARN_UNDECLARED_SELECTOR = YES;
				GCC_WARN_UNINITIALIZED_AUTOS = YES_AGGRESSIVE;
				GCC_WARN_UNUSED_FUNCTION = YES;
				GCC_WARN_UNUSED_VARIABLE = YES;
				MACOSX_DEPLOYMENT_TARGET = 12.0;
				MTL_ENABLE_DEBUG_INFO = NO;
				MTL_FAST_MATH = YES;
				SDKROOT = macosx;
				SWIFT_COMPILATION_MODE = wholemodule;
				SWIFT_OPTIMIZATION_LEVEL = "-O";
			};
			name = Release;
		};
		F898E14A27D8C31D00F0EAD3 /* Debug */ = {
			isa = XCBuildConfiguration;
			buildSettings = {
				CODE_SIGN_STYLE = Automatic;
				PRODUCT_NAME = "$(TARGET_NAME)";
				SWIFT_VERSION = 5.0;
			};
			name = Debug;
		};
		F898E14B27D8C31D00F0EAD3 /* Release */ = {
			isa = XCBuildConfiguration;
			buildSettings = {
				CODE_SIGN_STYLE = Automatic;
				PRODUCT_NAME = "$(TARGET_NAME)";
				SWIFT_VERSION = 5.0;
			};
			name = Release;
		};
/* End XCBuildConfiguration section */

/* Begin XCConfigurationList section */
		F898E13D27D8C31D00F0EAD3 /* Build configuration list for PBXProject "AcaPro" */ = {
			isa = XCConfigurationList;
			buildConfigurations = (
				F898E14727D8C31D00F0EAD3 /* Debug */,
				F898E14827D8C31D00F0EAD3 /* Release */,
			);
			defaultConfigurationIsVisible = 0;
			defaultConfigurationName = Release;
		};
		F898E14927D8C31D00F0EAD3 /* Build configuration list for PBXNativeTarget "AcaPro" */ = {
			isa = XCConfigurationList;
			buildConfigurations = (
				F898E14A27D8C31D00F0EAD3 /* Debug */,
				F898E14B27D8C31D00F0EAD3 /* Release */,
			);
			defaultConfigurationIsVisible = 0;
			defaultConfigurationName = Release;
		};
/* End XCConfigurationList section */
	};
	rootObject = F898E13A27D8C31D00F0EAD3 /* Project object */;
}
